
Microsoft Visual Studio Solution File, Format Version 12.00
# Visual Studio Version 17
VisualStudioVersion = 17.0.31903.59
MinimumVisualStudioVersion = 10.0.40219.1
Project("{FAE04EC0-301F-11D3-BF4B-00C04F79EFBC}") = "API", "API\API.csproj", "{958CDF5B-40C2-49C8-B9D4-D812EB7A04A6}"
EndProject
Project("{FAE04EC0-301F-11D3-BF4B-00C04F79EFBC}") = "Application", "Application\Application.csproj", "{A03C40DE-2822-4EE0-86B5-07EA2BBD4C1D}"
EndProject
Project("{FAE04EC0-301F-11D3-BF4B-00C04F79EFBC}") = "Domain", "Domain\Domain.csproj", "{AB9AB77D-560A-44BE-B637-E8DF80C50B66}"
EndProject
Project("{FAE04EC0-301F-11D3-BF4B-00C04F79EFBC}") = "Persistence", "Persistence\Persistence.csproj", "{53024C00-2C50-49CC-8B9A-0A2CFD2370EA}"
EndProject
Global
	GlobalSection(SolutionConfigurationPlatforms) = preSolution
		Debug|Any CPU = Debug|Any CPU
		Release|Any CPU = Release|Any CPU
	EndGlobalSection
	GlobalSection(SolutionProperties) = preSolution
		HideSolutionNode = FALSE
	EndGlobalSection
	GlobalSection(ProjectConfigurationPlatforms) = postSolution
		{958CDF5B-40C2-49C8-B9D4-D812EB7A04A6}.Debug|Any CPU.ActiveCfg = Debug|Any CPU
		{958CDF5B-40C2-49C8-B9D4-D812EB7A04A6}.Debug|Any CPU.Build.0 = Debug|Any CPU
		{958CDF5B-40C2-49C8-B9D4-D812EB7A04A6}.Release|Any CPU.ActiveCfg = Release|Any CPU
		{958CDF5B-40C2-49C8-B9D4-D812EB7A04A6}.Release|Any CPU.Build.0 = Release|Any CPU
		{A03C40DE-2822-4EE0-86B5-07EA2BBD4C1D}.Debug|Any CPU.ActiveCfg = Debug|Any CPU
		{A03C40DE-2822-4EE0-86B5-07EA2BBD4C1D}.Debug|Any CPU.Build.0 = Debug|Any CPU
		{A03C40DE-2822-4EE0-86B5-07EA2BBD4C1D}.Release|Any CPU.ActiveCfg = Release|Any CPU
		{A03C40DE-2822-4EE0-86B5-07EA2BBD4C1D}.Release|Any CPU.Build.0 = Release|Any CPU
		{AB9AB77D-560A-44BE-B637-E8DF80C50B66}.Debug|Any CPU.ActiveCfg = Debug|Any CPU
		{AB9AB77D-560A-44BE-B637-E8DF80C50B66}.Debug|Any CPU.Build.0 = Debug|Any CPU
		{AB9AB77D-560A-44BE-B637-E8DF80C50B66}.Release|Any CPU.ActiveCfg = Release|Any CPU
		{AB9AB77D-560A-44BE-B637-E8DF80C50B66}.Release|Any CPU.Build.0 = Release|Any CPU
		{53024C00-2C50-49CC-8B9A-0A2CFD2370EA}.Debug|Any CPU.ActiveCfg = Debug|Any CPU
		{53024C00-2C50-49CC-8B9A-0A2CFD2370EA}.Debug|Any CPU.Build.0 = Debug|Any CPU
		{53024C00-2C50-49CC-8B9A-0A2CFD2370EA}.Release|Any CPU.ActiveCfg = Release|Any CPU
		{53024C00-2C50-49CC-8B9A-0A2CFD2370EA}.Release|Any CPU.Build.0 = Release|Any CPU
	EndGlobalSection
EndGlobal
